{
  "version": 4,
  "terraform_version": "1.6.6",
  "serial": 125,
  "lineage": "9d58fe53-0aeb-0710-4bbb-040f564eb1c9",
  "outputs": {},
  "resources": [
    {
      "module": "module.rg",
      "mode": "managed",
      "type": "azurerm_resource_group",
      "name": "rg",
      "provider": "provider[\"registry.terraform.io/hashicorp/azurerm\"]",
      "instances": [
        {
          "index_key": "r1",
          "schema_version": 0,
          "attributes": {
            "id": "/subscriptions/5a0f32ed-516c-4dec-8aeb-eacc56a7b505/resourceGroups/r1",
            "location": "westus",
            "managed_by": "",
            "name": "r1",
            "tags": {},
            "timeouts": null
          },
          "sensitive_attributes": [],
          "private": "eyJlMmJmYjczMC1lY2FhLTExZTYtOGY4OC0zNDM2M2JjN2M0YzAiOnsiY3JlYXRlIjo1NDAwMDAwMDAwMDAwLCJkZWxldGUiOjU0MDAwMDAwMDAwMDAsInJlYWQiOjMwMDAwMDAwMDAwMCwidXBkYXRlIjo1NDAwMDAwMDAwMDAwfX0="
        }
      ]
    }
  ],
  "check_results": null
}
